{
  "projects": [
    {
      "projectId": "seaQhLVS4bbjiGvJJrRwyL",
      "version": "15.0.3",
      "dependencies": {},
      "lang": "js",
      "fileLocks": [
        {
          "assetId": "seaQhLVS4bbjiGvJJrRwyL",
          "type": "projectCss",
          "checksum": "dc88471beadb978e51eb3ceb75d10fdb"
        }
      ]
    },
    {
      "projectId": "j5vejMQNKZgqgWtrVNkPjM",
      "version": "latest",
      "dependencies": {
        "seaQhLVS4bbjiGvJJrRwyL": "15.0.3"
      },
      "lang": "js",
      "fileLocks": [
        {
          "type": "globalVariant",
          "assetId": "1nNjFIJzPrDqmC",
          "checksum": "93ae49661807e387f383d46e488d07f3"
        },
        {
          "assetId": "j5vejMQNKZgqgWtrVNkPjM",
          "type": "projectCss",
          "checksum": "db369d338ef090300e1a2284a6821ce0"
        },
        {
          "type": "renderModule",
          "assetId": "YybywEWUnyg0k",
          "checksum": "251ddf42f8c79eaf2a4096c2c4393c3d"
        },
        {
          "type": "cssRules",
          "assetId": "YybywEWUnyg0k",
          "checksum": "251ddf42f8c79eaf2a4096c2c4393c3d"
        },
        {
          "type": "renderModule",
          "assetId": "9_QMMsDzHkK8t",
          "checksum": "d95abc739be9b5b7f39d7009243ff938"
        },
        {
          "type": "cssRules",
          "assetId": "9_QMMsDzHkK8t",
          "checksum": "d95abc739be9b5b7f39d7009243ff938"
        },
        {
          "type": "renderModule",
          "assetId": "YsXcclOU3PBMx",
          "checksum": "ba50c20633c3e27cca35e8fc741128cd"
        },
        {
          "type": "cssRules",
          "assetId": "YsXcclOU3PBMx",
          "checksum": "ba50c20633c3e27cca35e8fc741128cd"
        },
        {
          "type": "renderModule",
          "assetId": "arjRm_Ettb_1m",
          "checksum": "b2e7524eed013dd3141f0f36d8e3ef59"
        },
        {
          "type": "cssRules",
          "assetId": "arjRm_Ettb_1m",
          "checksum": "b2e7524eed013dd3141f0f36d8e3ef59"
        },
        {
          "type": "renderModule",
          "assetId": "Fe6cuqvOFPq5D",
          "checksum": "23f095b15e8ef65a5986a7890992b8a9"
        },
        {
          "type": "cssRules",
          "assetId": "Fe6cuqvOFPq5D",
          "checksum": "23f095b15e8ef65a5986a7890992b8a9"
        },
        {
          "type": "renderModule",
          "assetId": "M42G6rc-gA2gb",
          "checksum": "b89d7b85abeb279cc25d0ed34b506b95"
        },
        {
          "type": "cssRules",
          "assetId": "M42G6rc-gA2gb",
          "checksum": "b89d7b85abeb279cc25d0ed34b506b95"
        },
        {
          "type": "renderModule",
          "assetId": "9pdHzL_AMUaRI",
          "checksum": "c7ddffd70a1e3d4a304bf801d6c747ff"
        },
        {
          "type": "cssRules",
          "assetId": "9pdHzL_AMUaRI",
          "checksum": "c7ddffd70a1e3d4a304bf801d6c747ff"
        },
        {
          "type": "renderModule",
          "assetId": "XxQ1aYjXNaM1Y",
          "checksum": "55f135d53d23c7561f796a808ae325ed"
        },
        {
          "type": "cssRules",
          "assetId": "XxQ1aYjXNaM1Y",
          "checksum": "55f135d53d23c7561f796a808ae325ed"
        },
        {
          "type": "renderModule",
          "assetId": "ncDRo3MeKjAtr",
          "checksum": "9d56dbab8c7964db3c5e6b56d4b970d1"
        },
        {
          "type": "cssRules",
          "assetId": "ncDRo3MeKjAtr",
          "checksum": "9d56dbab8c7964db3c5e6b56d4b970d1"
        },
        {
          "type": "renderModule",
          "assetId": "b_VYC6giBwB7Zi",
          "checksum": "1e033b24633c5a62bbc4705f8d1a08eb"
        },
        {
          "type": "cssRules",
          "assetId": "b_VYC6giBwB7Zi",
          "checksum": "1e033b24633c5a62bbc4705f8d1a08eb"
        },
        {
          "type": "renderModule",
          "assetId": "8qoPsE15wpV8RJ",
          "checksum": "bed1fbf5430dd69702c7e9551ed27a6a"
        },
        {
          "type": "cssRules",
          "assetId": "8qoPsE15wpV8RJ",
          "checksum": "bed1fbf5430dd69702c7e9551ed27a6a"
        },
        {
          "type": "renderModule",
          "assetId": "gly_cA7BLyF4IZ",
          "checksum": "b3dd1b33ee0d259f2db733ec6d06b654"
        },
        {
          "type": "cssRules",
          "assetId": "gly_cA7BLyF4IZ",
          "checksum": "b3dd1b33ee0d259f2db733ec6d06b654"
        },
        {
          "type": "renderModule",
          "assetId": "RKnJ7W6SQceBXS",
          "checksum": "052bd1c3b31d2c7ab7cbd7a64e9f3fac"
        },
        {
          "type": "cssRules",
          "assetId": "RKnJ7W6SQceBXS",
          "checksum": "052bd1c3b31d2c7ab7cbd7a64e9f3fac"
        },
        {
          "type": "renderModule",
          "assetId": "IOeU_a7_G01jmo",
          "checksum": "54a583157288ee23469630a780a28f3c"
        },
        {
          "type": "cssRules",
          "assetId": "IOeU_a7_G01jmo",
          "checksum": "54a583157288ee23469630a780a28f3c"
        },
        {
          "type": "renderModule",
          "assetId": "BdWMeaFQYwVmJ2",
          "checksum": "46b54dd4dacc2b27a0b7ef6e4f3015b3"
        },
        {
          "type": "cssRules",
          "assetId": "BdWMeaFQYwVmJ2",
          "checksum": "46b54dd4dacc2b27a0b7ef6e4f3015b3"
        },
        {
          "type": "renderModule",
          "assetId": "-5lw5HDpGbQ5Lb",
          "checksum": "85154b51331676e3552527934e5c53ee"
        },
        {
          "type": "cssRules",
          "assetId": "-5lw5HDpGbQ5Lb",
          "checksum": "85154b51331676e3552527934e5c53ee"
        },
        {
          "type": "renderModule",
          "assetId": "lf8vV8mZZn1n2g",
          "checksum": "f5a29038b4e981b0bfca9f7f231f6b72"
        },
        {
          "type": "cssRules",
          "assetId": "lf8vV8mZZn1n2g",
          "checksum": "f5a29038b4e981b0bfca9f7f231f6b72"
        },
        {
          "type": "icon",
          "assetId": "Oo5PzGYmQ7Gl5P",
          "checksum": "e08fa7ce43580e79cc43a08268b1904d"
        },
        {
          "type": "icon",
          "assetId": "mrmbkffh7NKFVI",
          "checksum": "5749e724c431ed4eb73b3037809f9d9b"
        },
        {
          "type": "icon",
          "assetId": "NDZu7B5nVNnNWm",
          "checksum": "5fe117fc1795735c8ea075267c5c55b6"
        },
        {
          "type": "icon",
          "assetId": "gTFr266r2m8cIX",
          "checksum": "d5e7d0ebffbd6fb91b420632646e6d9e"
        },
        {
          "type": "icon",
          "assetId": "nUGCxrx25T-e80",
          "checksum": "f11967b3a951d56424f396f6e042a533"
        },
        {
          "type": "icon",
          "assetId": "9JbKHVkiamYItF",
          "checksum": "aaba30efdbd84fed56450de7f767627b"
        },
        {
          "type": "icon",
          "assetId": "hRBw2FL6KBeSLZ",
          "checksum": "e1ebe990d3c27fdfb0ca2b8938a02697"
        },
        {
          "type": "icon",
          "assetId": "-_HayZhrvCaXlR",
          "checksum": "e9a5157ee6d5c14f767410c9593738cd"
        },
        {
          "type": "icon",
          "assetId": "jZoodQ3xTtnXR2",
          "checksum": "f4a838edb5191a57a154c36cb57c7bfa"
        },
        {
          "type": "icon",
          "assetId": "FeXJTErQtrKwXw",
          "checksum": "4219a790b863a18a02d8365dc5363735"
        },
        {
          "type": "icon",
          "assetId": "Uzt9mEPK22l_aK",
          "checksum": "aeb80867fd1b52959edcfcd5bc60288b"
        },
        {
          "type": "icon",
          "assetId": "SLnAu6Rq6SmgQV",
          "checksum": "ea9ce2bfd0132d0ae30e14c28cbde242"
        },
        {
          "type": "icon",
          "assetId": "2Ew1RajNWCfvXh",
          "checksum": "44f09e5224928ccc10a2ed3e9f5f9739"
        },
        {
          "type": "icon",
          "assetId": "72vUexPLskKEZX",
          "checksum": "445c6407c6bf207d2b3967eec6bc60c7"
        },
        {
          "type": "icon",
          "assetId": "Rt2bQ_6sst1N2w",
          "checksum": "fbf5f2d8e6b5076330f8449cc17d9680"
        },
        {
          "type": "icon",
          "assetId": "VlXYlbEJD3B3gx",
          "checksum": "2ac33ec0498a0434de367ed35c380f8d"
        },
        {
          "type": "icon",
          "assetId": "bZxfNQXk7lsw7X",
          "checksum": "ad22d2431f72129538d7be9e8c7722af"
        },
        {
          "type": "icon",
          "assetId": "pbQho3KyGQ1cWB",
          "checksum": "ca19b215717742392a7612f0a1ca92f5"
        },
        {
          "type": "icon",
          "assetId": "LvmnTYXjfQEU51",
          "checksum": "1832130ba76873550a94af32767567e6"
        },
        {
          "type": "image",
          "assetId": "7mkT8JkQbemcoG",
          "checksum": "8b7eea459b9a99bb8f983481284ac9f7"
        },
        {
          "type": "image",
          "assetId": "FK49ot-yK738Ig",
          "checksum": "7c65799adcd274ade5d8eaf00fe72bc7"
        },
        {
          "type": "image",
          "assetId": "9lZQlWnL1Fblm9",
          "checksum": "c934f86a5a4d1db306903b6599f60d6a"
        },
        {
          "type": "image",
          "assetId": "cpNJOTkqT62jLe",
          "checksum": "677186a8be6f1250e050dc11b63754b4"
        }
      ]
    }
  ],
  "cliVersion": "0.1.149"
}
